// !$*UTF8*$!
{
	archiveVersion = 1;
	classes = {
	};
	objectVersion = 46;
	objects = {

/* Begin PBXBuildFile section */
		1CF8E8281E0B1F0100B09760 /* AppDelegate.swift in Sources */ = {isa = PBXBuildFile; fileRef = 1CF8E8271E0B1F0100B09760 /* AppDelegate.swift */; };
		1CF8E82A1E0B1F0100B09760 /* ViewController.swift in Sources */ = {isa = PBXBuildFile; fileRef = 1CF8E8291E0B1F0100B09760 /* ViewController.swift */; };
		1CF8E82D1E0B1F0100B09760 /* Main.storyboard in Resources */ = {isa = PBXBuildFile; fileRef = 1CF8E82B1E0B1F0100B09760 /* Main.storyboard */; };
		1CF8E82F1E0B1F0100B09760 /* Assets.xcassets in Resources */ = {isa = PBXBuildFile; fileRef = 1CF8E82E1E0B1F0100B09760 /* Assets.xcassets */; };
		1CF8E8321E0B1F0100B09760 /* LaunchScreen.storyboard in Resources */ = {isa = PBXBuildFile; fileRef = 1CF8E8301E0B1F0100B09760 /* LaunchScreen.storyboard */; };
		1CF8E83D1E0B1F0100B09760 /* TestAppTests.swift in Sources */ = {isa = PBXBuildFile; fileRef = 1CF8E83C1E0B1F0100B09760 /* TestAppTests.swift */; };
		1CF8E8481E0B1F0100B09760 /* TestAppUITests.swift in Sources */ = {isa = PBXBuildFile; fileRef = 1CF8E8471E0B1F0100B09760 /* TestAppUITests.swift */; };
/* End PBXBuildFile section */

/* Begin PBXContainerItemProxy section */
		1CF8E8391E0B1F0100B09760 /* PBXContainerItemProxy */ = {
			isa = PBXContainerItemProxy;
			containerPortal = 1CF8E81C1E0B1F0100B09760 /* Project object */;
			proxyType = 1;
			remoteGlobalIDString = 1CF8E8231E0B1F0100B09760;
			remoteInfo = TestApp;
		};
		1CF8E8441E0B1F0100B09760 /* PBXContainerItemProxy */ = {
			isa = PBXContainerItemProxy;
			containerPortal = 1CF8E81C1E0B1F0100B09760 /* Project object */;
			proxyType = 1;
			remoteGlobalIDString = 1CF8E8231E0B1F0100B09760;
			remoteInfo = TestApp;
		};
/* End PBXContainerItemProxy section */

/* Begin PBXFileReference section */
		1CF8E8241E0B1F0100B09760 /* TestApp.app */ = {isa = PBXFileReference; explicitFileType = wrapper.application; includeInIndex = 0; path = TestApp.app; sourceTree = BUILT_PRODUCTS_DIR; };
		1CF8E8271E0B1F0100B09760 /* AppDelegate.swift */ = {isa = PBXFileReference; lastKnownFileType = sourcecode.swift; path = AppDelegate.swift; sourceTree = "<group>"; };
		1CF8E8291E0B1F0100B09760 /* ViewController.swift */ = {isa = PBXFileReference; lastKnownFileType = sourcecode.swift; path = ViewController.swift; sourceTree = "<group>"; };
		1CF8E82C1E0B1F0100B09760 /* Base */ = {isa = PBXFileReference; lastKnownFileType = file.storyboard; name = Base; path = Base.lproj/Main.storyboard; sourceTree = "<group>"; };
		1CF8E82E1E0B1F0100B09760 /* Assets.xcassets */ = {isa = PBXFileReference; lastKnownFileType = folder.assetcatalog; path = Assets.xcassets; sourceTree = "<group>"; };
		1CF8E8311E0B1F0100B09760 /* Base */ = {isa = PBXFileReference; lastKnownFileType = file.storyboard; name = Base; path = Base.lproj/LaunchScreen.storyboard; sourceTree = "<group>"; };
		1CF8E8331E0B1F0100B09760 /* Info.plist */ = {isa = PBXFileReference; lastKnownFileType = text.plist.xml; path = Info.plist; sourceTree = "<group>"; };
		1CF8E8381E0B1F0100B09760 /* TestAppTests.xctest */ = {isa = PBXFileReference; explicitFileType = wrapper.cfbundle; includeInIndex = 0; path = TestAppTests.xctest; sourceTree = BUILT_PRODUCTS_DIR; };
		1CF8E83C1E0B1F0100B09760 /* TestAppTests.swift */ = {isa = PBXFileReference; lastKnownFileType = sourcecode.swift; path = TestAppTests.swift; sourceTree = "<group>"; };
		1CF8E83E1E0B1F0100B09760 /* Info.plist */ = {isa = PBXFileReference; lastKnownFileType = text.plist.xml; path = Info.plist; sourceTree = "<group>"; };
		1CF8E8431E0B1F0100B09760 /* TestAppUITests.xctest */ = {isa = PBXFileReference; explicitFileType = wrapper.cfbundle; includeInIndex = 0; path = TestAppUITests.xctest; sourceTree = BUILT_PRODUCTS_DIR; };
		1CF8E8471E0B1F0100B09760 /* TestAppUITests.swift */ = {isa = PBXFileReference; lastKnownFileType = sourcecode.swift; path = TestAppUITests.swift; sourceTree = "<group>"; };
		1CF8E8491E0B1F0100B09760 /* Info.plist */ = {isa = PBXFileReference; lastKnownFileType = text.plist.xml; path = Info.plist; sourceTree = "<group>"; };
/* End PBXFileReference section */

/* Begin PBXFrameworksBuildPhase section */
		1CF8E8211E0B1F0100B09760 /* Frameworks */ = {
			isa = PBXFrameworksBuildPhase;
			buildActionMask = 2147483647;
			files = (
			);
			runOnlyForDeploymentPostprocessing = 0;
		};
		1CF8E8351E0B1F0100B09760 /* Frameworks */ = {
			isa = PBXFrameworksBuildPhase;
			buildActionMask = 2147483647;
			files = (
			);
			runOnlyForDeploymentPostprocessing = 0;
		};
		1CF8E8401E0B1F0100B09760 /* Frameworks */ = {
			isa = PBXFrameworksBuildPhase;
			buildActionMask = 2147483647;
			files = (
			);
			runOnlyForDeploymentPostprocessing = 0;
		};
/* End PBXFrameworksBuildPhase section */

/* Begin PBXGroup section */
		1CF8E81B1E0B1F0100B09760 = {
			isa = PBXGroup;
			children = (
				1CF8E8261E0B1F0100B09760 /* TestApp */,
				1CF8E83B1E0B1F0100B09760 /* TestAppTests */,
				1CF8E8461E0B1F0100B09760 /* TestAppUITests */,
				1CF8E8251E0B1F0100B09760 /* Products */,
			);
			sourceTree = "<group>";
		};
		1CF8E8251E0B1F0100B09760 /* Products */ = {
			isa = PBXGroup;
			children = (
				1CF8E8241E0B1F0100B09760 /* TestApp.app */,
				1CF8E8381E0B1F0100B09760 /* TestAppTests.xctest */,
				1CF8E8431E0B1F0100B09760 /* TestAppUITests.xctest */,
			);
			name = Products;
			sourceTree = "<group>";
		};
		1CF8E8261E0B1F0100B09760 /* TestApp */ = {
			isa = PBXGroup;
			children = (
				1CF8E8271E0B1F0100B09760 /* AppDelegate.swift */,
				1CF8E8291E0B1F0100B09760 /* ViewController.swift */,
				1CF8E82B1E0B1F0100B09760 /* Main.storyboard */,
				1CF8E82E1E0B1F0100B09760 /* Assets.xcassets */,
				1CF8E8301E0B1F0100B09760 /* LaunchScreen.storyboard */,
				1CF8E8331E0B1F0100B09760 /* Info.plist */,
			);
			path = TestApp;
			sourceTree = "<group>";
		};
		1CF8E83B1E0B1F0100B09760 /* TestAppTests */ = {
			isa = PBXGroup;
			children = (
				1CF8E83C1E0B1F0100B09760 /* TestAppTests.swift */,
				1CF8E83E1E0B1F0100B09760 /* Info.plist */,
			);
			path = TestAppTests;
			sourceTree = "<group>";
		};
		1CF8E8461E0B1F0100B09760 /* TestAppUITests */ = {
			isa = PBXGroup;
			children = (
				1CF8E8471E0B1F0100B09760 /* TestAppUITests.swift */,
				1CF8E8491E0B1F0100B09760 /* Info.plist */,
			);
			path = TestAppUITests;
			sourceTree = "<group>";
		};
/* End PBXGroup section */

/* Begin PBXNativeTarget section */
		1CF8E8231E0B1F0100B09760 /* TestApp */ = {
			isa = PBXNativeTarget;
			buildConfigurationList = 1CF8E84C1E0B1F0100B09760 /* Build configuration list for PBXNativeTarget "TestApp" */;
			buildPhases = (
				1CF8E8201E0B1F0100B09760 /* Sources */,
				1CF8E8211E0B1F0100B09760 /* Frameworks */,
				1CF8E8221E0B1F0100B09760 /* Resources */,
			);
			buildRules = (
			);
			dependencies = (
			);
			name = TestApp;
			productName = TestApp;
			productReference = 1CF8E8241E0B1F0100B09760 /* TestApp.app */;
			productType = "com.apple.product-type.application";
		};
		1CF8E8371E0B1F0100B09760 /* TestAppTests */ = {
			isa = PBXNativeTarget;
			buildConfigurationList = 1CF8E84F1E0B1F0100B09760 /* Build configuration list for PBXNativeTarget "TestAppTests" */;
			buildPhases = (
				1CF8E8341E0B1F0100B09760 /* Sources */,
				1CF8E8351E0B1F0100B09760 /* Frameworks */,
				1CF8E8361E0B1F0100B09760 /* Resources */,
			);
			buildRules = (
			);
			dependencies = (
				1CF8E83A1E0B1F0100B09760 /* PBXTargetDependency */,
			);
			name = TestAppTests;
			productName = TestAppTests;
			productReference = 1CF8E8381E0B1F0100B09760 /* TestAppTests.xctest */;
			productType = "com.apple.product-type.bundle.unit-test";
		};
		1CF8E8421E0B1F0100B09760 /* TestAppUITests */ = {
			isa = PBXNativeTarget;
			buildConfigurationList = 1CF8E8521E0B1F0100B09760 /* Build configuration list for PBXNativeTarget "TestAppUITests" */;
			buildPhases = (
				1CF8E83F1E0B1F0100B09760 /* Sources */,
				1CF8E8401E0B1F0100B09760 /* Frameworks */,
				1CF8E8411E0B1F0100B09760 /* Resources */,
			);
			buildRules = (
			);
			dependencies = (
				1CF8E8451E0B1F0100B09760 /* PBXTargetDependency */,
			);
			name = TestAppUITests;
			productName = TestAppUITests;
			productReference = 1CF8E8431E0B1F0100B09760 /* TestAppUITests.xctest */;
			productType = "com.apple.product-type.bundle.ui-testing";
		};
/* End PBXNativeTarget section */

/* Begin PBXProject section */
		1CF8E81C1E0B1F0100B09760 /* Project object */ = {
			isa = PBXProject;
			attributes = {
				LastSwiftUpdateCheck = 0730;
				LastUpgradeCheck = 0730;
				ORGANIZATIONNAME = "Meher Enterprises";
				TargetAttributes = {
					1CF8E8231E0B1F0100B09760 = {
						CreatedOnToolsVersion = 7.3.1;
					};
					1CF8E8371E0B1F0100B09760 = {
						CreatedOnToolsVersion = 7.3.1;
						TestTargetID = 1CF8E8231E0B1F0100B09760;
					};
					1CF8E8421E0B1F0100B09760 = {
						CreatedOnToolsVersion = 7.3.1;
						TestTargetID = 1CF8E8231E0B1F0100B09760;
					};
				};
			};
			buildConfigurationList = 1CF8E81F1E0B1F0100B09760 /* Build configuration list for PBXProject "TestApp" */;
			compatibilityVersion = "Xcode 3.2";
			developmentRegion = English;
			hasScannedForEncodings = 0;
			knownRegions = (
				en,
				Base,
			);
			mainGroup = 1CF8E81B1E0B1F0100B09760;
			productRefGroup = 1CF8E8251E0B1F0100B09760 /* Products */;
			projectDirPath = "";
			projectRoot = "";
			targets = (
				1CF8E8231E0B1F0100B09760 /* TestApp */,
				1CF8E8371E0B1F0100B09760 /* TestAppTests */,
				1CF8E8421E0B1F0100B09760 /* TestAppUITests */,
			);
		};
/* End PBXProject section */

/* Begin PBXResourcesBuildPhase section */
		1CF8E8221E0B1F0100B09760 /* Resources */ = {
			isa = PBXResourcesBuildPhase;
			buildActionMask = 2147483647;
			files = (
				1CF8E8321E0B1F0100B09760 /* LaunchScreen.storyboard in Resources */,
				1CF8E82F1E0B1F0100B09760 /* Assets.xcassets in Resources */,
				1CF8E82D1E0B1F0100B09760 /* Main.storyboard in Resources */,
			);
			runOnlyForDeploymentPostprocessing = 0;
		};
		1CF8E8361E0B1F0100B09760 /* Resources */ = {
			isa = PBXResourcesBuildPhase;
			buildActionMask = 2147483647;
			files = (
			);
			runOnlyForDeploymentPostprocessing = 0;
		};
		1CF8E8411E0B1F0100B09760 /* Resources */ = {
			isa = PBXResourcesBuildPhase;
			buildActionMask = 2147483647;
			files = (
			);
			runOnlyForDeploymentPostprocessing = 0;
		};
/* End PBXResourcesBuildPhase section */

/* Begin PBXSourcesBuildPhase section */
		1CF8E8201E0B1F0100B09760 /* Sources */ = {
			isa = PBXSourcesBuildPhase;
			buildActionMask = 2147483647;
			files = (
				1CF8E82A1E0B1F0100B09760 /* ViewController.swift in Sources */,
				1CF8E8281E0B1F0100B09760 /* AppDelegate.swift in Sources */,
			);
			runOnlyForDeploymentPostprocessing = 0;
		};
		1CF8E8341E0B1F0100B09760 /* Sources */ = {
			isa = PBXSourcesBuildPhase;
			buildActionMask = 2147483647;
			files = (
				1CF8E83D1E0B1F0100B09760 /* TestAppTests.swift in Sources */,
			);
			runOnlyForDeploymentPostprocessing = 0;
		};
		1CF8E83F1E0B1F0100B09760 /* Sources */ = {
			isa = PBXSourcesBuildPhase;
			buildActionMask = 2147483647;
			files = (
				1CF8E8481E0B1F0100B09760 /* TestAppUITests.swift in Sources */,
			);
			runOnlyForDeploymentPostprocessing = 0;
		};
/* End PBXSourcesBuildPhase section */

/* Begin PBXTargetDependency section */
		1CF8E83A1E0B1F0100B09760 /* PBXTargetDependency */ = {
			isa = PBXTargetDependency;
			target = 1CF8E8231E0B1F0100B09760 /* TestApp */;
			targetProxy = 1CF8E8391E0B1F0100B09760 /* PBXContainerItemProxy */;
		};
		1CF8E8451E0B1F0100B09760 /* PBXTargetDependency */ = {
			isa = PBXTargetDependency;
			target = 1CF8E8231E0B1F0100B09760 /* TestApp */;
			targetProxy = 1CF8E8441E0B1F0100B09760 /* PBXContainerItemProxy */;
		};
/* End PBXTargetDependency section */

/* Begin PBXVariantGroup section */
		1CF8E82B1E0B1F0100B09760 /* Main.storyboard */ = {
			isa = PBXVariantGroup;
			children = (
				1CF8E82C1E0B1F0100B09760 /* Base */,
			);
			name = Main.storyboard;
			sourceTree = "<group>";
		};
		1CF8E8301E0B1F0100B09760 /* LaunchScreen.storyboard */ = {
			isa = PBXVariantGroup;
			children = (
				1CF8E8311E0B1F0100B09760 /* Base */,
			);
			name = LaunchScreen.storyboard;
			sourceTree = "<group>";
		};
/* End PBXVariantGroup section */

/* Begin XCBuildConfiguration section */
		1CF8E84A1E0B1F0100B09760 /* Debug */ = {
			isa = XCBuildConfiguration;
			buildSettings = {
				ALWAYS_SEARCH_USER_PATHS = NO;
				CLANG_ANALYZER_NONNULL = YES;
				CLANG_CXX_LANGUAGE_STANDARD = "gnu++0x";
				CLANG_CXX_LIBRARY = "libc++";
				CLANG_ENABLE_MODULES = YES;
				CLANG_ENABLE_OBJC_ARC = YES;
				CLANG_WARN_BOOL_CONVERSION = YES;
				CLANG_WARN_CONSTANT_CONVERSION = YES;
				CLANG_WARN_DIRECT_OBJC_ISA_USAGE = YES_ERROR;
				CLANG_WARN_EMPTY_BODY = YES;
				CLANG_WARN_ENUM_CONVERSION = YES;
				CLANG_WARN_INT_CONVERSION = YES;
				CLANG_WARN_OBJC_ROOT_CLASS = YES_ERROR;
				CLANG_WARN_UNREACHABLE_CODE = YES;
				CLANG_WARN__DUPLICATE_METHOD_MATCH = YES;
				"CODE_SIGN_IDENTITY[sdk=iphoneos*]" = "iPhone Developer";
				COPY_PHASE_STRIP = NO;
				DEBUG_INFORMATION_FORMAT = dwarf;
				ENABLE_STRICT_OBJC_MSGSEND = YES;
				ENABLE_TESTABILITY = YES;
				GCC_C_LANGUAGE_STANDARD = gnu99;
				GCC_DYNAMIC_NO_PIC = NO;
				GCC_NO_COMMON_BLOCKS = YES;
				GCC_OPTIMIZATION_LEVEL = 0;
				GCC_PREPROCESSOR_DEFINITIONS = (
					"DEBUG=1",
					"$(inherited)",
				);
				GCC_WARN_64_TO_32_BIT_CONVERSION = YES;
				GCC_WARN_ABOUT_RETURN_TYPE = YES_ERROR;
				GCC_WARN_UNDECLARED_SELECTOR = YES;
				GCC_WARN_UNINITIALIZED_AUTOS = YES_AGGRESSIVE;
				GCC_WARN_UNUSED_FUNCTION = YES;
				GCC_WARN_UNUSED_VARIABLE = YES;
				IPHONEOS_DEPLOYMENT_TARGET = 9.3;
				MTL_ENABLE_DEBUG_INFO = YES;
				ONLY_ACTIVE_ARCH = YES;
				SDKROOT = iphoneos;
				SWIFT_OPTIMIZATION_LEVEL = "-Onone";
				TARGETED_DEVICE_FAMILY = "1,2";
			};
			name = Debug;
		};
		1CF8E84B1E0B1F0100B09760 /* Release */ = {
			isa = XCBuildConfiguration;
			buildSettings = {
				ALWAYS_SEARCH_USER_PATHS = NO;
				CLANG_ANALYZER_NONNULL = YES;
				CLANG_CXX_LANGUAGE_STANDARD = "gnu++0x";
				CLANG_CXX_LIBRARY = "libc++";
				CLANG_ENABLE_MODULES = YES;
				CLANG_ENABLE_OBJC_ARC = YES;
				CLANG_WARN_BOOL_CONVERSION = YES;
				CLANG_WARN_CONSTANT_CONVERSION = YES;
				CLANG_WARN_DIRECT_OBJC_ISA_USAGE = YES_ERROR;
				CLANG_WARN_EMPTY_BODY = YES;
				CLANG_WARN_ENUM_CONVERSION = YES;
				CLANG_WARN_INT_CONVERSION = YES;
				CLANG_WARN_OBJC_ROOT_CLASS = YES_ERROR;
				CLANG_WARN_UNREACHABLE_CODE = YES;
				CLANG_WARN__DUPLICATE_METHOD_MATCH = YES;
				"CODE_SIGN_IDENTITY[sdk=iphoneos*]" = "iPhone Developer";
				COPY_PHASE_STRIP = NO;
				DEBUG_INFORMATION_FORMAT = "dwarf-with-dsym";
				ENABLE_NS_ASSERTIONS = NO;
				ENABLE_STRICT_OBJC_MSGSEND = YES;
				GCC_C_LANGUAGE_STANDARD = gnu99;
				GCC_NO_COMMON_BLOCKS = YES;
				GCC_WARN_64_TO_32_BIT_CONVERSION = YES;
				GCC_WARN_ABOUT_RETURN_TYPE = YES_ERROR;
				GCC_WARN_UNDECLARED_SELECTOR = YES;
				GCC_WARN_UNINITIALIZED_AUTOS = YES_AGGRESSIVE;
				GCC_WARN_UNUSED_FUNCTION = YES;
				GCC_WARN_UNUSED_VARIABLE = YES;
				IPHONEOS_DEPLOYMENT_TARGET = 9.3;
				MTL_ENABLE_DEBUG_INFO = NO;
				SDKROOT = iphoneos;
				TARGETED_DEVICE_FAMILY = "1,2";
				VALIDATE_PRODUCT = YES;
			};
			name = Release;
		};
		1CF8E84D1E0B1F0100B09760 /* Debug */ = {
			isa = XCBuildConfiguration;
			buildSettings = {
				ASSETCATALOG_COMPILER_APPICON_NAME = AppIcon;
				INFOPLIST_FILE = TestApp/Info.plist;
				LD_RUNPATH_SEARCH_PATHS = "$(inherited) @executable_path/Frameworks";
				PRODUCT_BUNDLE_IDENTIFIER = come.meher.TestApp;
				PRODUCT_NAME = "$(TARGET_NAME)";
			};
			name = Debug;
		};
		1CF8E84E1E0B1F0100B09760 /* Release */ = {
			isa = XCBuildConfiguration;
			buildSettings = {
				ASSETCATALOG_COMPILER_APPICON_NAME = AppIcon;
				INFOPLIST_FILE = TestApp/Info.plist;
				LD_RUNPATH_SEARCH_PATHS = "$(inherited) @executable_path/Frameworks";
				PRODUCT_BUNDLE_IDENTIFIER = come.meher.TestApp;
				PRODUCT_NAME = "$(TARGET_NAME)";
			};
			name = Release;
		};
		1CF8E8501E0B1F0100B09760 /* Debug */ = {
			isa = XCBuildConfiguration;
			buildSettings = {
				BUNDLE_LOADER = "$(TEST_HOST)";
				INFOPLIST_FILE = TestAppTests/Info.plist;
				LD_RUNPATH_SEARCH_PATHS = "$(inherited) @executable_path/Frameworks @loader_path/Frameworks";
				PRODUCT_BUNDLE_IDENTIFIER = come.meher.TestAppTests;
				PRODUCT_NAME = "$(TARGET_NAME)";
				TEST_HOST = "$(BUILT_PRODUCTS_DIR)/TestApp.app/TestApp";
			};
			name = Debug;
		};
		1CF8E8511E0B1F0100B09760 /* Release */ = {
			isa = XCBuildConfiguration;
			buildSettings = {
				BUNDLE_LOADER = "$(TEST_HOST)";
				INFOPLIST_FILE = TestAppTests/Info.plist;
				LD_RUNPATH_SEARCH_PATHS = "$(inherited) @executable_path/Frameworks @loader_path/Frameworks";
				PRODUCT_BUNDLE_IDENTIFIER = come.meher.TestAppTests;
				PRODUCT_NAME = "$(TARGET_NAME)";
				TEST_HOST = "$(BUILT_PRODUCTS_DIR)/TestApp.app/TestApp";
			};
			name = Release;
		};
		1CF8E8531E0B1F0100B09760 /* Debug */ = {
			isa = XCBuildConfiguration;
			buildSettings = {
				INFOPLIST_FILE = TestAppUITests/Info.plist;
				LD_RUNPATH_SEARCH_PATHS = "$(inherited) @executable_path/Frameworks @loader_path/Frameworks";
				PRODUCT_BUNDLE_IDENTIFIER = come.meher.TestAppUITests;
				PRODUCT_NAME = "$(TARGET_NAME)";
				TEST_TARGET_NAME = TestApp;
			};
			name = Debug;
		};
		1CF8E8541E0B1F0100B09760 /* Release */ = {
			isa = XCBuildConfiguration;
			buildSettings = {
				INFOPLIST_FILE = TestAppUITests/Info.plist;
				LD_RUNPATH_SEARCH_PATHS = "$(inherited) @executable_path/Frameworks @loader_path/Frameworks";
				PRODUCT_BUNDLE_IDENTIFIER = come.meher.TestAppUITests;
				PRODUCT_NAME = "$(TARGET_NAME)";
				TEST_TARGET_NAME = TestApp;
			};
			name = Release;
		};
/* End XCBuildConfiguration section */

/* Begin XCConfigurationList section */
		1CF8E81F1E0B1F0100B09760 /* Build configuration list for PBXProject "TestApp" */ = {
			isa = XCConfigurationList;
			buildConfigurations = (
				1CF8E84A1E0B1F0100B09760 /* Debug */,
				1CF8E84B1E0B1F0100B09760 /* Release */,
			);
			defaultConfigurationIsVisible = 0;
			defaultConfigurationName = Release;
		};
		1CF8E84C1E0B1F0100B09760 /* Build configuration list for PBXNativeTarget "TestApp" */ = {
			isa = XCConfigurationList;
			buildConfigurations = (
				1CF8E84D1E0B1F0100B09760 /* Debug */,
				1CF8E84E1E0B1F0100B09760 /* Release */,
			);
			defaultConfigurationIsVisible = 0;
		};
		1CF8E84F1E0B1F0100B09760 /* Build configuration list for PBXNativeTarget "TestAppTests" */ = {
			isa = XCConfigurationList;
			buildConfigurations = (
				1CF8E8501E0B1F0100B09760 /* Debug */,
				1CF8E8511E0B1F0100B09760 /* Release */,
			);
			defaultConfigurationIsVisible = 0;
		};
		1CF8E8521E0B1F0100B09760 /* Build configuration list for PBXNativeTarget "TestAppUITests" */ = {
			isa = XCConfigurationList;
			buildConfigurations = (
				1CF8E8531E0B1F0100B09760 /* Debug */,
				1CF8E8541E0B1F0100B09760 /* Release */,
			);
			defaultConfigurationIsVisible = 0;
		};
/* End XCConfigurationList section */
	};
	rootObject = 1CF8E81C1E0B1F0100B09760 /* Project object */;
}
